// !$*UTF8*$!
{
	archiveVersion = 1;
	classes = {
	};
	objectVersion = 46;
	objects = {

/* Begin PBXBuildFile section */
		DAC6D56A1D24AC9B0087ECFE /* AppDelegate.swift in Sources */ = {isa = PBXBuildFile; fileRef = DAC6D5691D24AC9B0087ECFE /* AppDelegate.swift */; };
		DAC6D56C1D24AC9B0087ECFE /* ViewController.swift in Sources */ = {isa = PBXBuildFile; fileRef = DAC6D56B1D24AC9B0087ECFE /* ViewController.swift */; };
		DAC6D56F1D24AC9B0087ECFE /* Main.storyboard in Resources */ = {isa = PBXBuildFile; fileRef = DAC6D56D1D24AC9B0087ECFE /* Main.storyboard */; };
		DAC6D5711D24AC9B0087ECFE /* Assets.xcassets in Resources */ = {isa = PBXBuildFile; fileRef = DAC6D5701D24AC9B0087ECFE /* Assets.xcassets */; };
		DAC6D5741D24AC9B0087ECFE /* LaunchScreen.storyboard in Resources */ = {isa = PBXBuildFile; fileRef = DAC6D5721D24AC9B0087ECFE /* LaunchScreen.storyboard */; };
/* End PBXBuildFile section */

/* Begin PBXFileReference section */
		DAC6D5661D24AC9A0087ECFE /* SearchBarTemplate2.app */ = {isa = PBXFileReference; explicitFileType = wrapper.application; includeInIndex = 0; path = SearchBarTemplate2.app; sourceTree = BUILT_PRODUCTS_DIR; };
		DAC6D5691D24AC9B0087ECFE /* AppDelegate.swift */ = {isa = PBXFileReference; lastKnownFileType = sourcecode.swift; path = AppDelegate.swift; sourceTree = "<group>"; };
		DAC6D56B1D24AC9B0087ECFE /* ViewController.swift */ = {isa = PBXFileReference; lastKnownFileType = sourcecode.swift; path = ViewController.swift; sourceTree = "<group>"; };
		DAC6D56E1D24AC9B0087ECFE /* Base */ = {isa = PBXFileReference; lastKnownFileType = file.storyboard; name = Base; path = Base.lproj/Main.storyboard; sourceTree = "<group>"; };
		DAC6D5701D24AC9B0087ECFE /* Assets.xcassets */ = {isa = PBXFileReference; lastKnownFileType = folder.assetcatalog; path = Assets.xcassets; sourceTree = "<group>"; };
		DAC6D5731D24AC9B0087ECFE /* Base */ = {isa = PBXFileReference; lastKnownFileType = file.storyboard; name = Base; path = Base.lproj/LaunchScreen.storyboard; sourceTree = "<group>"; };
		DAC6D5751D24AC9B0087ECFE /* Info.plist */ = {isa = PBXFileReference; lastKnownFileType = text.plist.xml; path = Info.plist; sourceTree = "<group>"; };
/* End PBXFileReference section */

/* Begin PBXFrameworksBuildPhase section */
		DAC6D5631D24AC9A0087ECFE /* Frameworks */ = {
			isa = PBXFrameworksBuildPhase;
			buildActionMask = 2147483647;
			files = (
			);
			runOnlyForDeploymentPostprocessing = 0;
		};
/* End PBXFrameworksBuildPhase section */

/* Begin PBXGroup section */
		DAC6D55D1D24AC9A0087ECFE = {
			isa = PBXGroup;
			children = (
				DAC6D5681D24AC9B0087ECFE /* SearchBarTemplate2 */,
				DAC6D5671D24AC9A0087ECFE /* Products */,
			);
			sourceTree = "<group>";
		};
		DAC6D5671D24AC9A0087ECFE /* Products */ = {
			isa = PBXGroup;
			children = (
				DAC6D5661D24AC9A0087ECFE /* SearchBarTemplate2.app */,
			);
			name = Products;
			sourceTree = "<group>";
		};
		DAC6D5681D24AC9B0087ECFE /* SearchBarTemplate2 */ = {
			isa = PBXGroup;
			children = (
				DAC6D5691D24AC9B0087ECFE /* AppDelegate.swift */,
				DAC6D56B1D24AC9B0087ECFE /* ViewController.swift */,
				DAC6D56D1D24AC9B0087ECFE /* Main.storyboard */,
				DAC6D5701D24AC9B0087ECFE /* Assets.xcassets */,
				DAC6D5721D24AC9B0087ECFE /* LaunchScreen.storyboard */,
				DAC6D5751D24AC9B0087ECFE /* Info.plist */,
			);
			path = SearchBarTemplate2;
			sourceTree = "<group>";
		};
/* End PBXGroup section */

/* Begin PBXNativeTarget section */
		DAC6D5651D24AC9A0087ECFE /* SearchBarTemplate2 */ = {
			isa = PBXNativeTarget;
			buildConfigurationList = DAC6D5781D24AC9B0087ECFE /* Build configuration list for PBXNativeTarget "SearchBarTemplate2" */;
			buildPhases = (
				DAC6D5621D24AC9A0087ECFE /* Sources */,
				DAC6D5631D24AC9A0087ECFE /* Frameworks */,
				DAC6D5641D24AC9A0087ECFE /* Resources */,
			);
			buildRules = (
			);
			dependencies = (
			);
			name = SearchBarTemplate2;
			productName = SearchBarTemplate2;
			productReference = DAC6D5661D24AC9A0087ECFE /* SearchBarTemplate2.app */;
			productType = "com.apple.product-type.application";
		};
/* End PBXNativeTarget section */

/* Begin PBXProject section */
		DAC6D55E1D24AC9A0087ECFE /* Project object */ = {
			isa = PBXProject;
			attributes = {
				LastSwiftUpdateCheck = 0730;
				LastUpgradeCheck = 0730;
				ORGANIZATIONNAME = Montchat;
				TargetAttributes = {
					DAC6D5651D24AC9A0087ECFE = {
						CreatedOnToolsVersion = 7.3;
					};
				};
			};
			buildConfigurationList = DAC6D5611D24AC9A0087ECFE /* Build configuration list for PBXProject "SearchBarTemplate2" */;
			compatibilityVersion = "Xcode 3.2";
			developmentRegion = English;
			hasScannedForEncodings = 0;
			knownRegions = (
				en,
				Base,
			);
			mainGroup = DAC6D55D1D24AC9A0087ECFE;
			productRefGroup = DAC6D5671D24AC9A0087ECFE /* Products */;
			projectDirPath = "";
			projectRoot = "";
			targets = (
				DAC6D5651D24AC9A0087ECFE /* SearchBarTemplate2 */,
			);
		};
/* End PBXProject section */

/* Begin PBXResourcesBuildPhase section */
		DAC6D5641D24AC9A0087ECFE /* Resources */ = {
			isa = PBXResourcesBuildPhase;
			buildActionMask = 2147483647;
			files = (
				DAC6D5741D24AC9B0087ECFE /* LaunchScreen.storyboard in Resources */,
				DAC6D5711D24AC9B0087ECFE /* Assets.xcassets in Resources */,
				DAC6D56F1D24AC9B0087ECFE /* Main.storyboard in Resources */,
			);
			runOnlyForDeploymentPostprocessing = 0;
		};
/* End PBXResourcesBuildPhase section */

/* Begin PBXSourcesBuildPhase section */
		DAC6D5621D24AC9A0087ECFE /* Sources */ = {
			isa = PBXSourcesBuildPhase;
			buildActionMask = 2147483647;
			files = (
				DAC6D56C1D24AC9B0087ECFE /* ViewController.swift in Sources */,
				DAC6D56A1D24AC9B0087ECFE /* AppDelegate.swift in Sources */,
			);
			runOnlyForDeploymentPostprocessing = 0;
		};
/* End PBXSourcesBuildPhase section */

/* Begin PBXVariantGroup section */
		DAC6D56D1D24AC9B0087ECFE /* Main.storyboard */ = {
			isa = PBXVariantGroup;
			children = (
				DAC6D56E1D24AC9B0087ECFE /* Base */,
			);
			name = Main.storyboard;
			sourceTree = "<group>";
		};
		DAC6D5721D24AC9B0087ECFE /* LaunchScreen.storyboard */ = {
			isa = PBXVariantGroup;
			children = (
				DAC6D5731D24AC9B0087ECFE /* Base */,
			);
			name = LaunchScreen.storyboard;
			sourceTree = "<group>";
		};
/* End PBXVariantGroup section */

/* Begin XCBuildConfiguration section */
		DAC6D5761D24AC9B0087ECFE /* Debug */ = {
			isa = XCBuildConfiguration;
			buildSettings = {
				ALWAYS_SEARCH_USER_PATHS = NO;
				CLANG_ANALYZER_NONNULL = YES;
				CLANG_CXX_LANGUAGE_STANDARD = "gnu++0x";
				CLANG_CXX_LIBRARY = "libc++";
				CLANG_ENABLE_MODULES = YES;
				CLANG_ENABLE_OBJC_ARC = YES;
				CLANG_WARN_BOOL_CONVERSION = YES;
				CLANG_WARN_CONSTANT_CONVERSION = YES;
				CLANG_WARN_DIRECT_OBJC_ISA_USAGE = YES_ERROR;
				CLANG_WARN_EMPTY_BODY = YES;
				CLANG_WARN_ENUM_CONVERSION = YES;
				CLANG_WARN_INT_CONVERSION = YES;
				CLANG_WARN_OBJC_ROOT_CLASS = YES_ERROR;
				CLANG_WARN_UNREACHABLE_CODE = YES;
				CLANG_WARN__DUPLICATE_METHOD_MATCH = YES;
				"CODE_SIGN_IDENTITY[sdk=iphoneos*]" = "iPhone Developer";
				COPY_PHASE_STRIP = NO;
				DEBUG_INFORMATION_FORMAT = dwarf;
				ENABLE_STRICT_OBJC_MSGSEND = YES;
				ENABLE_TESTABILITY = YES;
				GCC_C_LANGUAGE_STANDARD = gnu99;
				GCC_DYNAMIC_NO_PIC = NO;
				GCC_NO_COMMON_BLOCKS = YES;
				GCC_OPTIMIZATION_LEVEL = 0;
				GCC_PREPROCESSOR_DEFINITIONS = (
					"DEBUG=1",
					"$(inherited)",
				);
				GCC_WARN_64_TO_32_BIT_CONVERSION = YES;
				GCC_WARN_ABOUT_RETURN_TYPE = YES_ERROR;
				GCC_WARN_UNDECLARED_SELECTOR = YES;
				GCC_WARN_UNINITIALIZED_AUTOS = YES_AGGRESSIVE;
				GCC_WARN_UNUSED_FUNCTION = YES;
				GCC_WARN_UNUSED_VARIABLE = YES;
				IPHONEOS_DEPLOYMENT_TARGET = 9.3;
				MTL_ENABLE_DEBUG_INFO = YES;
				ONLY_ACTIVE_ARCH = YES;
				SDKROOT = iphoneos;
				SWIFT_OPTIMIZATION_LEVEL = "-Onone";
				TARGETED_DEVICE_FAMILY = "1,2";
			};
			name = Debug;
		};
		DAC6D5771D24AC9B0087ECFE /* Release */ = {
			isa = XCBuildConfiguration;
			buildSettings = {
				ALWAYS_SEARCH_USER_PATHS = NO;
				CLANG_ANALYZER_NONNULL = YES;
				CLANG_CXX_LANGUAGE_STANDARD = "gnu++0x";
				CLANG_CXX_LIBRARY = "libc++";
				CLANG_ENABLE_MODULES = YES;
				CLANG_ENABLE_OBJC_ARC = YES;
				CLANG_WARN_BOOL_CONVERSION = YES;
				CLANG_WARN_CONSTANT_CONVERSION = YES;
				CLANG_WARN_DIRECT_OBJC_ISA_USAGE = YES_ERROR;
				CLANG_WARN_EMPTY_BODY = YES;
				CLANG_WARN_ENUM_CONVERSION = YES;
				CLANG_WARN_INT_CONVERSION = YES;
				CLANG_WARN_OBJC_ROOT_CLASS = YES_ERROR;
				CLANG_WARN_UNREACHABLE_CODE = YES;
				CLANG_WARN__DUPLICATE_METHOD_MATCH = YES;
				"CODE_SIGN_IDENTITY[sdk=iphoneos*]" = "iPhone Developer";
				COPY_PHASE_STRIP = NO;
				DEBUG_INFORMATION_FORMAT = "dwarf-with-dsym";
				ENABLE_NS_ASSERTIONS = NO;
				ENABLE_STRICT_OBJC_MSGSEND = YES;
				GCC_C_LANGUAGE_STANDARD = gnu99;
				GCC_NO_COMMON_BLOCKS = YES;
				GCC_WARN_64_TO_32_BIT_CONVERSION = YES;
				GCC_WARN_ABOUT_RETURN_TYPE = YES_ERROR;
				GCC_WARN_UNDECLARED_SELECTOR = YES;
				GCC_WARN_UNINITIALIZED_AUTOS = YES_AGGRESSIVE;
				GCC_WARN_UNUSED_FUNCTION = YES;
				GCC_WARN_UNUSED_VARIABLE = YES;
				IPHONEOS_DEPLOYMENT_TARGET = 9.3;
				MTL_ENABLE_DEBUG_INFO = NO;
				SDKROOT = iphoneos;
				TARGETED_DEVICE_FAMILY = "1,2";
				VALIDATE_PRODUCT = YES;
			};
			name = Release;
		};
		DAC6D5791D24AC9B0087ECFE /* Debug */ = {
			isa = XCBuildConfiguration;
			buildSettings = {
				ASSETCATALOG_COMPILER_APPICON_NAME = AppIcon;
				INFOPLIST_FILE = SearchBarTemplate2/Info.plist;
				LD_RUNPATH_SEARCH_PATHS = "$(inherited) @executable_path/Frameworks";
				PRODUCT_BUNDLE_IDENTIFIER = com.Montchat.SearchBarTemplate2;
				PRODUCT_NAME = "$(TARGET_NAME)";
			};
			name = Debug;
		};
		DAC6D57A1D24AC9B0087ECFE /* Release */ = {
			isa = XCBuildConfiguration;
			buildSettings = {
				ASSETCATALOG_COMPILER_APPICON_NAME = AppIcon;
				INFOPLIST_FILE = SearchBarTemplate2/Info.plist;
				LD_RUNPATH_SEARCH_PATHS = "$(inherited) @executable_path/Frameworks";
				PRODUCT_BUNDLE_IDENTIFIER = com.Montchat.SearchBarTemplate2;
				PRODUCT_NAME = "$(TARGET_NAME)";
			};
			name = Release;
		};
/* End XCBuildConfiguration section */

/* Begin XCConfigurationList section */
		DAC6D5611D24AC9A0087ECFE /* Build configuration list for PBXProject "SearchBarTemplate2" */ = {
			isa = XCConfigurationList;
			buildConfigurations = (
				DAC6D5761D24AC9B0087ECFE /* Debug */,
				DAC6D5771D24AC9B0087ECFE /* Release */,
			);
			defaultConfigurationIsVisible = 0;
			defaultConfigurationName = Release;
		};
		DAC6D5781D24AC9B0087ECFE /* Build configuration list for PBXNativeTarget "SearchBarTemplate2" */ = {
			isa = XCConfigurationList;
			buildConfigurations = (
				DAC6D5791D24AC9B0087ECFE /* Debug */,
				DAC6D57A1D24AC9B0087ECFE /* Release */,
			);
			defaultConfigurationIsVisible = 0;
		};
/* End XCConfigurationList section */
	};
	rootObject = DAC6D55E1D24AC9A0087ECFE /* Project object */;
}
